{
  "nodes": {
    "home-manager": {
      "inputs": {
        "nixpkgs": [
          "nixpkgs"
        ],
        "utils": "utils"
      },
      "locked": {
        "lastModified": 1667574732,
        "narHash": "sha256-73TVk3uSQOja6Q/5OuNcpcqwo6+SMzJPRtYAjU0rBx4=",
        "owner": "nix-community",
        "repo": "home-manager",
        "rev": "b764068a506c6f70dba998efa0e7fcb99cb4deb2",
        "type": "github"
      },
      "original": {
        "owner": "nix-community",
        "repo": "home-manager",
        "type": "github"
      }
    },
    "hyprland": {
      "inputs": {
        "nixpkgs": [
          "nixpkgs"
        ],
        "wlroots": "wlroots"
      },
      "locked": {
        "lastModified": 1667671515,
        "narHash": "sha256-jdhA2R+Ezam6R++BYId1jwdvgZn6VZDnG4oEK+R8KIQ=",
        "owner": "hyprwm",
        "repo": "Hyprland",
        "rev": "bee06f35073da245b71221897becc74260a5b51f",
        "type": "github"
      },
      "original": {
        "owner": "hyprwm",
        "repo": "Hyprland",
        "type": "github"
      }
    },
    "impermanence": {
      "locked": {
        "lastModified": 1661933071,
        "narHash": "sha256-RFgfzldpbCvS+H2qwH+EvNejvqs+NhPVD5j1I7HQQPY=",
        "owner": "nix-community",
        "repo": "impermanence",
        "rev": "def994adbdfc28974e87b0e4c949e776207d5557",
        "type": "github"
      },
      "original": {
        "owner": "nix-community",
        "repo": "impermanence",
        "type": "github"
      }
    },
    "nix-gaming": {
      "inputs": {
        "nixpkgs": "nixpkgs"
      },
      "locked": {
        "lastModified": 1667666664,
        "narHash": "sha256-MKtN2/8E22SGRf8wroj3qYvhQEBVcsZJjYeX9eu+bt0=",
        "owner": "fufexan",
        "repo": "nix-gaming",
        "rev": "cc8ece45d1987d5187e2528b59f9136f6aa8f465",
        "type": "github"
      },
      "original": {
        "owner": "fufexan",
        "repo": "nix-gaming",
        "type": "github"
      }
    },
    "nixpkgs": {
      "locked": {
        "lastModified": 1663491030,
        "narHash": "sha256-MVsfBhE9US5DvLtBAaTRjwYdv1tLO8xjahM8qLXTgTo=",
        "owner": "NixOS",
        "repo": "nixpkgs",
        "rev": "767542707d394ff15ac1981e903e005ba69528b5",
        "type": "github"
      },
      "original": {
        "owner": "NixOS",
        "ref": "nixpkgs-unstable",
        "repo": "nixpkgs",
        "type": "github"
      }
    },
    "nixpkgs_2": {
      "locked": {
        "lastModified": 1667482890,
        "narHash": "sha256-pua0jp87iwN7NBY5/ypx0s9L9CG49Ju/NI4wGwurHc4=",
        "owner": "nixos",
        "repo": "nixpkgs",
        "rev": "a2a777538d971c6b01c6e54af89ddd6567c055e8",
        "type": "github"
      },
      "original": {
        "owner": "nixos",
        "ref": "nixos-unstable",
        "repo": "nixpkgs",
        "type": "github"
      }
    },
    "root": {
      "inputs": {
        "home-manager": "home-manager",
        "hyprland": "hyprland",
        "impermanence": "impermanence",
        "nix-gaming": "nix-gaming",
        "nixpkgs": "nixpkgs_2"
      }
    },
    "utils": {
      "locked": {
        "lastModified": 1667077288,
        "narHash": "sha256-bdC8sFNDpT0HK74u9fUkpbf1MEzVYJ+ka7NXCdgBoaA=",
        "owner": "numtide",
        "repo": "flake-utils",
        "rev": "6ee9ebb6b1ee695d2cacc4faa053a7b9baa76817",
        "type": "github"
      },
      "original": {
        "owner": "numtide",
        "repo": "flake-utils",
        "type": "github"
      }
    },
    "wlroots": {
      "flake": false,
      "locked": {
        "host": "gitlab.freedesktop.org",
        "lastModified": 1666466001,
        "narHash": "sha256-ZjxAnqtcGmHQHKL1Z9sIraDnzIqrJleWcJXfPtzAm74=",
        "owner": "wlroots",
        "repo": "wlroots",
        "rev": "c2d2773df57750081b16d56da13b5015d752cbd7",
        "type": "gitlab"
      },
      "original": {
        "host": "gitlab.freedesktop.org",
        "owner": "wlroots",
        "repo": "wlroots",
        "type": "gitlab"
      }
    }
  },
  "root": "root",
  "version": 7
}
