{
  "nodes": {
    "darwin": {
      "inputs": {
        "nixpkgs": [
          "nixpkgs-darwin"
        ]
      },
      "locked": {
        "lastModified": 1703271201,
        "narHash": "sha256-9uB7x1XP+/+We4mYpxC8UMgxlC0efP6P+4dsgqFuxCU=",
        "owner": "LnL7",
        "repo": "nix-darwin",
        "rev": "010a625bd74bc623153344f52f71cc965b31d75a",
        "type": "github"
      },
      "original": {
        "owner": "LnL7",
        "repo": "nix-darwin",
        "type": "github"
      }
    },
    "home-manager": {
      "inputs": {
        "nixpkgs": [
          "nixpkgs"
        ]
      },
      "locked": {
        "lastModified": 1703368619,
        "narHash": "sha256-ZGPMYL7FMA6enhuwby961bBANmoFX14EA86m2/Jw5Jo=",
        "owner": "nix-community",
        "repo": "home-manager",
        "rev": "a2523ea0343b056ba240abbac90ab5f116a7aa7b",
        "type": "github"
      },
      "original": {
        "owner": "nix-community",
        "repo": "home-manager",
        "type": "github"
      }
    },
    "home-manager-darwin": {
      "inputs": {
        "nixpkgs": [
          "nixpkgs-darwin"
        ]
      },
      "locked": {
        "lastModified": 1702195668,
        "narHash": "sha256-Lxmjez0nfNBptdqV5GsXKm7Bb7swjGsrxiLxWJu0tL8=",
        "owner": "nix-community",
        "repo": "home-manager",
        "rev": "33110fb3c7fe6a94b98b641866a5eddb64b7c23f",
        "type": "github"
      },
      "original": {
        "owner": "nix-community",
        "ref": "release-23.05",
        "repo": "home-manager",
        "type": "github"
      }
    },
    "impermanence": {
      "locked": {
        "lastModified": 1702984171,
        "narHash": "sha256-reIUBrUXibohXmvXRsgpvtlCE0QQSvWSA+qQCKohgR0=",
        "owner": "nix-community",
        "repo": "impermanence",
        "rev": "123e94200f63952639492796b8878e588a4a2851",
        "type": "github"
      },
      "original": {
        "owner": "nix-community",
        "repo": "impermanence",
        "type": "github"
      }
    },
    "nixpkgs": {
      "locked": {
        "lastModified": 1703013332,
        "narHash": "sha256-+tFNwMvlXLbJZXiMHqYq77z/RfmpfpiI3yjL6o/Zo9M=",
        "owner": "nixos",
        "repo": "nixpkgs",
        "rev": "54aac082a4d9bb5bbc5c4e899603abfb76a3f6d6",
        "type": "github"
      },
      "original": {
        "owner": "nixos",
        "ref": "nixos-unstable",
        "repo": "nixpkgs",
        "type": "github"
      }
    },
    "nixpkgs-darwin": {
      "locked": {
        "lastModified": 1703034876,
        "narHash": "sha256-4bMPFv/bs5g1nEsXQwXlrAGJgjv1Ilr0ejdaTkBwQLs=",
        "owner": "nixos",
        "repo": "nixpkgs",
        "rev": "312ab59e8ade69e6083017bd9b98a2919f1fb86a",
        "type": "github"
      },
      "original": {
        "owner": "nixos",
        "ref": "nixpkgs-23.05-darwin",
        "repo": "nixpkgs",
        "type": "github"
      }
    },
    "nixpkgs-stable": {
      "locked": {
        "lastModified": 1703034876,
        "narHash": "sha256-4bMPFv/bs5g1nEsXQwXlrAGJgjv1Ilr0ejdaTkBwQLs=",
        "owner": "nixos",
        "repo": "nixpkgs",
        "rev": "312ab59e8ade69e6083017bd9b98a2919f1fb86a",
        "type": "github"
      },
      "original": {
        "owner": "nixos",
        "ref": "nixos-23.05",
        "repo": "nixpkgs",
        "type": "github"
      }
    },
    "nixpkgs_2": {
      "locked": {
        "lastModified": 1698318101,
        "narHash": "sha256-gUihHt3yPD7bVqg+k/UVHgngyaJ3DMEBchbymBMvK1E=",
        "owner": "nixos",
        "repo": "nixpkgs",
        "rev": "63678e9f3d3afecfeafa0acead6239cdb447574c",
        "type": "github"
      },
      "original": {
        "owner": "nixos",
        "ref": "nixos-unstable",
        "repo": "nixpkgs",
        "type": "github"
      }
    },
    "plasma-manager": {
      "inputs": {
        "home-manager": [
          "home-manager"
        ],
        "nixpkgs": [
          "nixpkgs"
        ]
      },
      "locked": {
        "lastModified": 1703264118,
        "narHash": "sha256-YzwzOqSDNLFcG2HulMw0k5reDhBPysq9AT1D8Y0Rky8=",
        "owner": "pjones",
        "repo": "plasma-manager",
        "rev": "8e8f0852a49f9f776cbaf2156ebe8b4a8d4bf720",
        "type": "github"
      },
      "original": {
        "owner": "pjones",
        "repo": "plasma-manager",
        "type": "github"
      }
    },
    "pycnix": {
      "inputs": {
        "nixpkgs": "nixpkgs_2"
      },
      "locked": {
        "lastModified": 1698679760,
        "narHash": "sha256-aqYfCWjjvgr4fGB6kVXvbJBk0eyZPsEly+fY8PV15mE=",
        "owner": "MadMcCrow",
        "repo": "pycnix",
        "rev": "d6b646557c01b5cae38b4fd2a4531642b5e3676f",
        "type": "github"
      },
      "original": {
        "owner": "MadMcCrow",
        "repo": "pycnix",
        "type": "github"
      }
    },
    "root": {
      "inputs": {
        "darwin": "darwin",
        "home-manager": "home-manager",
        "home-manager-darwin": "home-manager-darwin",
        "impermanence": "impermanence",
        "nixpkgs": "nixpkgs",
        "nixpkgs-darwin": "nixpkgs-darwin",
        "nixpkgs-stable": "nixpkgs-stable",
        "plasma-manager": "plasma-manager",
        "pycnix": "pycnix"
      }
    }
  },
  "root": "root",
  "version": 7
}
