version = 1
revision = 3
requires-python = ">=3.14"

[manifest]
members = [
    "cli",
    "config",
    "gui",
    "log",
    "ostool",
]

[[package]]
name = "cli"
version = "0.0.0"
source = { editable = "packages/cli" }
dependencies = [
    { name = "config" },
    { name = "log" },
    { name = "rich" },
]

[package.metadata]
requires-dist = [
    { name = "config", editable = "packages/config" },
    { name = "log", editable = "packages/log" },
    { name = "rich" },
]

[[package]]
name = "config"
version = "0.0.0"
source = { editable = "packages/config" }
dependencies = [
    { name = "log" },
    { name = "shellous" },
    { name = "toml" },
]

[package.metadata]
requires-dist = [
    { name = "log", editable = "packages/log" },
    { name = "shellous", specifier = ">=0.40" },
    { name = "toml", specifier = ">=0.10.2" },
]

[[package]]
name = "gui"
version = "0.0.0"
source = { editable = "packages/gui" }
dependencies = [
    { name = "config" },
    { name = "log" },
]

[package.metadata]
requires-dist = [
    { name = "config", editable = "packages/config" },
    { name = "log", editable = "packages/log" },
]

[[package]]
name = "log"
version = "0.0.0"
source = { editable = "packages/log" }
dependencies = [
    { name = "rich" },
]

[package.metadata]
requires-dist = [{ name = "rich" }]

[[package]]
name = "markdown-it-py"
version = "4.2.0"
source = { registry = "https://pypi.org/simple" }
dependencies = [
    { name = "mdurl" },
]
sdist = { url = "https://files.pythonhosted.org/packages/06/ff/7841249c247aa650a76b9ee4bbaeae59370dc8bfd2f6c01f3630c35eb134/markdown_it_py-4.2.0.tar.gz", hash = "sha256:04a21681d6fbb623de53f6f364d352309d4094dd4194040a10fd51833e418d49", size = 82454, upload-time = "2026-05-07T12:08:28.36Z" }
wheels = [
    { url = "https://files.pythonhosted.org/packages/b3/81/4da04ced5a082363ecfa159c010d200ecbd959ae410c10c0264a38cac0f5/markdown_it_py-4.2.0-py3-none-any.whl", hash = "sha256:9f7ebbcd14fe59494226453aed97c1070d83f8d24b6fc3a3bcf9a38092641c4a", size = 91687, upload-time = "2026-05-07T12:08:27.182Z" },
]

[[package]]
name = "mdurl"
version = "0.1.2"
source = { registry = "https://pypi.org/simple" }
sdist = { url = "https://files.pythonhosted.org/packages/d6/54/cfe61301667036ec958cb99bd3efefba235e65cdeb9c84d24a8293ba1d90/mdurl-0.1.2.tar.gz", hash = "sha256:bb413d29f5eea38f31dd4754dd7377d4465116fb207585f97bf925588687c1ba", size = 8729, upload-time = "2022-08-14T12:40:10.846Z" }
wheels = [
    { url = "https://files.pythonhosted.org/packages/b3/38/89ba8ad64ae25be8de66a6d463314cf1eb366222074cfda9ee839c56a4b4/mdurl-0.1.2-py3-none-any.whl", hash = "sha256:84008a41e51615a49fc9966191ff91509e3c40b939176e643fd50a5c2196b8f8", size = 9979, upload-time = "2022-08-14T12:40:09.779Z" },
]

[[package]]
name = "ostool"
version = "0.1.0"
source = { editable = "." }
dependencies = [
    { name = "config" },
    { name = "log" },
]

[package.optional-dependencies]
gui = [
    { name = "gui" },
]

[package.metadata]
requires-dist = [
    { name = "config", editable = "packages/config" },
    { name = "gui", marker = "extra == 'gui'", editable = "packages/gui" },
    { name = "log", editable = "packages/log" },
]
provides-extras = ["gui"]

[[package]]
name = "pygments"
version = "2.20.0"
source = { registry = "https://pypi.org/simple" }
sdist = { url = "https://files.pythonhosted.org/packages/c3/b2/bc9c9196916376152d655522fdcebac55e66de6603a76a02bca1b6414f6c/pygments-2.20.0.tar.gz", hash = "sha256:6757cd03768053ff99f3039c1a36d6c0aa0b263438fcab17520b30a303a82b5f", size = 4955991, upload-time = "2026-03-29T13:29:33.898Z" }
wheels = [
    { url = "https://files.pythonhosted.org/packages/f4/7e/a72dd26f3b0f4f2bf1dd8923c85f7ceb43172af56d63c7383eb62b332364/pygments-2.20.0-py3-none-any.whl", hash = "sha256:81a9e26dd42fd28a23a2d169d86d7ac03b46e2f8b59ed4698fb4785f946d0176", size = 1231151, upload-time = "2026-03-29T13:29:30.038Z" },
]

[[package]]
name = "rich"
version = "15.0.0"
source = { registry = "https://pypi.org/simple" }
dependencies = [
    { name = "markdown-it-py" },
    { name = "pygments" },
]
sdist = { url = "https://files.pythonhosted.org/packages/c0/8f/0722ca900cc807c13a6a0c696dacf35430f72e0ec571c4275d2371fca3e9/rich-15.0.0.tar.gz", hash = "sha256:edd07a4824c6b40189fb7ac9bc4c52536e9780fbbfbddf6f1e2502c31b068c36", size = 230680, upload-time = "2026-04-12T08:24:00.75Z" }
wheels = [
    { url = "https://files.pythonhosted.org/packages/82/3b/64d4899d73f91ba49a8c18a8ff3f0ea8f1c1d75481760df8c68ef5235bf5/rich-15.0.0-py3-none-any.whl", hash = "sha256:33bd4ef74232fb73fe9279a257718407f169c09b78a87ad3d296f548e27de0bb", size = 310654, upload-time = "2026-04-12T08:24:02.83Z" },
]

[[package]]
name = "shellous"
version = "0.40.0"
source = { registry = "https://pypi.org/simple" }
sdist = { url = "https://files.pythonhosted.org/packages/c2/92/b0ff18610bfbc08dbc102703fa94facfa91f3b4c7af07999f41e276d53eb/shellous-0.40.0.tar.gz", hash = "sha256:aaaa0d89e3291278b30c022861dc5908b57efbb0c008d44bebc351662e76d0d2", size = 56068, upload-time = "2026-05-13T21:15:46.653Z" }
wheels = [
    { url = "https://files.pythonhosted.org/packages/f9/24/87cb20a35c47478b888bb48e99e879ab19ec86e1b1c0364b2e8fe8302c28/shellous-0.40.0-py3-none-any.whl", hash = "sha256:c55e1b33a4bdb2f743fcdbcf556af5d2af4626ef96c7587e6bfc067c4bf56042", size = 55166, upload-time = "2026-05-13T21:15:45.247Z" },
]

[[package]]
name = "toml"
version = "0.10.2"
source = { registry = "https://pypi.org/simple" }
sdist = { url = "https://files.pythonhosted.org/packages/be/ba/1f744cdc819428fc6b5084ec34d9b30660f6f9daaf70eead706e3203ec3c/toml-0.10.2.tar.gz", hash = "sha256:b3bda1d108d5dd99f4a20d24d9c348e91c4db7ab1b749200bded2f839ccbe68f", size = 22253, upload-time = "2020-11-01T01:40:22.204Z" }
wheels = [
    { url = "https://files.pythonhosted.org/packages/44/6f/7120676b6d73228c96e17f1f794d8ab046fc910d781c8d151120c3f1569e/toml-0.10.2-py2.py3-none-any.whl", hash = "sha256:806143ae5bfb6a3c6e736a764057db0e6a0e05e338b5630894a5f779cabb4f9b", size = 16588, upload-time = "2020-11-01T01:40:20.672Z" },
]
